
Microsoft Visual Studio Solution File, Format Version 12.00
# Visual Studio 2012
Project("{8BC9CEB8-8B4A-11D0-8D11-00A0C91BC942}") = "Project10.5", "Project10.5\Project10.5.vcxproj", "{CCB93353-9BA0-4A77-9A36-3979CB93078C}"
EndProject
Global
	GlobalSection(SolutionConfigurationPlatforms) = preSolution
		Debug|Win32 = Debug|Win32
		Release|Win32 = Release|Win32
	EndGlobalSection
	GlobalSection(ProjectConfigurationPlatforms) = postSolution
		{CCB93353-9BA0-4A77-9A36-3979CB93078C}.Debug|Win32.ActiveCfg = Debug|Win32
		{CCB93353-9BA0-4A77-9A36-3979CB93078C}.Debug|Win32.Build.0 = Debug|Win32
		{CCB93353-9BA0-4A77-9A36-3979CB93078C}.Release|Win32.ActiveCfg = Release|Win32
		{CCB93353-9BA0-4A77-9A36-3979CB93078C}.Release|Win32.Build.0 = Release|Win32
	EndGlobalSection
	GlobalSection(SolutionProperties) = preSolution
		HideSolutionNode = FALSE
	EndGlobalSection
EndGlobal
