
Microsoft Visual Studio Solution File, Format Version 12.00
# Visual Studio 2012
Project("{8BC9CEB8-8B4A-11D0-8D11-00A0C91BC942}") = "Project17-11", "Project17-11\Project17-11.vcxproj", "{C3F99389-6418-44D1-830C-FA75CBD0BD8A}"
EndProject
Global
	GlobalSection(SolutionConfigurationPlatforms) = preSolution
		Debug|Win32 = Debug|Win32
		Release|Win32 = Release|Win32
	EndGlobalSection
	GlobalSection(ProjectConfigurationPlatforms) = postSolution
		{C3F99389-6418-44D1-830C-FA75CBD0BD8A}.Debug|Win32.ActiveCfg = Debug|Win32
		{C3F99389-6418-44D1-830C-FA75CBD0BD8A}.Debug|Win32.Build.0 = Debug|Win32
		{C3F99389-6418-44D1-830C-FA75CBD0BD8A}.Release|Win32.ActiveCfg = Release|Win32
		{C3F99389-6418-44D1-830C-FA75CBD0BD8A}.Release|Win32.Build.0 = Release|Win32
	EndGlobalSection
	GlobalSection(SolutionProperties) = preSolution
		HideSolutionNode = FALSE
	EndGlobalSection
EndGlobal
