
Microsoft Visual Studio Solution File, Format Version 12.00
# Visual Studio 2012
Project("{8BC9CEB8-8B4A-11D0-8D11-00A0C91BC942}") = "Project17-5", "Project17-5\Project17-5.vcxproj", "{CBE1EF9B-02A7-4171-AE34-35D760903A0A}"
EndProject
Global
	GlobalSection(SolutionConfigurationPlatforms) = preSolution
		Debug|Win32 = Debug|Win32
		Release|Win32 = Release|Win32
	EndGlobalSection
	GlobalSection(ProjectConfigurationPlatforms) = postSolution
		{CBE1EF9B-02A7-4171-AE34-35D760903A0A}.Debug|Win32.ActiveCfg = Debug|Win32
		{CBE1EF9B-02A7-4171-AE34-35D760903A0A}.Debug|Win32.Build.0 = Debug|Win32
		{CBE1EF9B-02A7-4171-AE34-35D760903A0A}.Release|Win32.ActiveCfg = Release|Win32
		{CBE1EF9B-02A7-4171-AE34-35D760903A0A}.Release|Win32.Build.0 = Release|Win32
	EndGlobalSection
	GlobalSection(SolutionProperties) = preSolution
		HideSolutionNode = FALSE
	EndGlobalSection
EndGlobal
