
Microsoft Visual Studio Solution File, Format Version 12.00
# Visual Studio 2012
Project("{8BC9CEB8-8B4A-11D0-8D11-00A0C91BC942}") = "Project19-12", "Project19-12\Project19-12.vcxproj", "{41AF8057-7EA1-42C8-B635-B74189371A88}"
EndProject
Global
	GlobalSection(SolutionConfigurationPlatforms) = preSolution
		Debug|Win32 = Debug|Win32
		Release|Win32 = Release|Win32
	EndGlobalSection
	GlobalSection(ProjectConfigurationPlatforms) = postSolution
		{41AF8057-7EA1-42C8-B635-B74189371A88}.Debug|Win32.ActiveCfg = Debug|Win32
		{41AF8057-7EA1-42C8-B635-B74189371A88}.Debug|Win32.Build.0 = Debug|Win32
		{41AF8057-7EA1-42C8-B635-B74189371A88}.Release|Win32.ActiveCfg = Release|Win32
		{41AF8057-7EA1-42C8-B635-B74189371A88}.Release|Win32.Build.0 = Release|Win32
	EndGlobalSection
	GlobalSection(SolutionProperties) = preSolution
		HideSolutionNode = FALSE
	EndGlobalSection
EndGlobal
